// !$*UTF8*$!
{
	archiveVersion = 1;
	classes = {
	};
	objectVersion = 56;
	objects = {

/* Begin PBXBuildFile section */
		41774E442A2E84F300D83E39 /* AppDelegate.swift in Sources */ = {isa = PBXBuildFile; fileRef = 41774E432A2E84F300D83E39 /* AppDelegate.swift */; };
		41774E462A2E84F300D83E39 /* SceneDelegate.swift in Sources */ = {isa = PBXBuildFile; fileRef = 41774E452A2E84F300D83E39 /* SceneDelegate.swift */; };
		41774E482A2E84F300D83E39 /* ViewController.swift in Sources */ = {isa = PBXBuildFile; fileRef = 41774E472A2E84F300D83E39 /* ViewController.swift */; };
		41774E4B2A2E84F300D83E39 /* Main.storyboard in Resources */ = {isa = PBXBuildFile; fileRef = 41774E492A2E84F300D83E39 /* Main.storyboard */; };
		41774E4E2A2E84F300D83E39 /* MyTunes.xcdatamodeld in Sources */ = {isa = PBXBuildFile; fileRef = 41774E4C2A2E84F300D83E39 /* MyTunes.xcdatamodeld */; };
		41774E502A2E84F600D83E39 /* Assets.xcassets in Resources */ = {isa = PBXBuildFile; fileRef = 41774E4F2A2E84F600D83E39 /* Assets.xcassets */; };
		41774E532A2E84F600D83E39 /* LaunchScreen.storyboard in Resources */ = {isa = PBXBuildFile; fileRef = 41774E512A2E84F600D83E39 /* LaunchScreen.storyboard */; };
		41774E5E2A2E84F600D83E39 /* MyTunesTests.swift in Sources */ = {isa = PBXBuildFile; fileRef = 41774E5D2A2E84F600D83E39 /* MyTunesTests.swift */; };
		41774E682A2E84F600D83E39 /* MyTunesUITests.swift in Sources */ = {isa = PBXBuildFile; fileRef = 41774E672A2E84F600D83E39 /* MyTunesUITests.swift */; };
		41774E6A2A2E84F600D83E39 /* MyTunesUITestsLaunchTests.swift in Sources */ = {isa = PBXBuildFile; fileRef = 41774E692A2E84F600D83E39 /* MyTunesUITestsLaunchTests.swift */; };
		41774E7A2A2E951300D83E39 /* MyTunesAPI in Frameworks */ = {isa = PBXBuildFile; productRef = 41774E792A2E951300D83E39 /* MyTunesAPI */; };
		41774E922A2F897C00D83E39 /* LoadingView.swift in Sources */ = {isa = PBXBuildFile; fileRef = 41774E912A2F897C00D83E39 /* LoadingView.swift */; };
		41774E942A2F89CB00D83E39 /* LoadingShowable.swift in Sources */ = {isa = PBXBuildFile; fileRef = 41774E932A2F89CB00D83E39 /* LoadingShowable.swift */; };
		41774E962A2F8ABC00D83E39 /* BaseViewController.swift in Sources */ = {isa = PBXBuildFile; fileRef = 41774E952A2F8ABC00D83E39 /* BaseViewController.swift */; };
		41774E992A2F8D2800D83E39 /* SplashViewController.swift in Sources */ = {isa = PBXBuildFile; fileRef = 41774E972A2F8D2800D83E39 /* SplashViewController.swift */; };
		41774E9A2A2F8D2800D83E39 /* SplashViewController.xib in Resources */ = {isa = PBXBuildFile; fileRef = 41774E982A2F8D2800D83E39 /* SplashViewController.xib */; };
		41774E9C2A2F8D6100D83E39 /* SplashPresenter.swift in Sources */ = {isa = PBXBuildFile; fileRef = 41774E9B2A2F8D6100D83E39 /* SplashPresenter.swift */; };
		41774E9E2A2F8DA300D83E39 /* SplashInteractor.swift in Sources */ = {isa = PBXBuildFile; fileRef = 41774E9D2A2F8DA300D83E39 /* SplashInteractor.swift */; };
		41774EA02A2F8DC700D83E39 /* SplachRouter.swift in Sources */ = {isa = PBXBuildFile; fileRef = 41774E9F2A2F8DC700D83E39 /* SplachRouter.swift */; };
		41774EA32A2F900600D83E39 /* HomeViewController.swift in Sources */ = {isa = PBXBuildFile; fileRef = 41774EA12A2F900600D83E39 /* HomeViewController.swift */; };
		41774EA42A2F900600D83E39 /* HomeViewController.xib in Resources */ = {isa = PBXBuildFile; fileRef = 41774EA22A2F900600D83E39 /* HomeViewController.xib */; };
		41774EA62A2F902C00D83E39 /* HomeRouter.swift in Sources */ = {isa = PBXBuildFile; fileRef = 41774EA52A2F902C00D83E39 /* HomeRouter.swift */; };
		41774EA82A2F904500D83E39 /* HomePresenter.swift in Sources */ = {isa = PBXBuildFile; fileRef = 41774EA72A2F904500D83E39 /* HomePresenter.swift */; };
		41774EAA2A2F906800D83E39 /* HomeInteractor.swift in Sources */ = {isa = PBXBuildFile; fileRef = 41774EA92A2F906800D83E39 /* HomeInteractor.swift */; };
		41774EB12A2FBE7D00D83E39 /* HomeTableViewCell.swift in Sources */ = {isa = PBXBuildFile; fileRef = 41774EAF2A2FBE7D00D83E39 /* HomeTableViewCell.swift */; };
		41774EB22A2FBE7D00D83E39 /* HomeTableViewCell.xib in Resources */ = {isa = PBXBuildFile; fileRef = 41774EB02A2FBE7D00D83E39 /* HomeTableViewCell.xib */; };
		41774EB42A2FCFE000D83E39 /* HomeCellPresenter.swift in Sources */ = {isa = PBXBuildFile; fileRef = 41774EB32A2FCFE000D83E39 /* HomeCellPresenter.swift */; };
		41774EBC2A30B69E00D83E39 /* SearchCollectionViewCell.swift in Sources */ = {isa = PBXBuildFile; fileRef = 41774EBB2A30B69E00D83E39 /* SearchCollectionViewCell.swift */; };
		41774EBF2A310C6000D83E39 /* DetailViewController.swift in Sources */ = {isa = PBXBuildFile; fileRef = 41774EBD2A310C6000D83E39 /* DetailViewController.swift */; };
		41774EC02A310C6000D83E39 /* DetailViewController.xib in Resources */ = {isa = PBXBuildFile; fileRef = 41774EBE2A310C6000D83E39 /* DetailViewController.xib */; };
		41774EC22A310C7900D83E39 /* DetailInteractor.swift in Sources */ = {isa = PBXBuildFile; fileRef = 41774EC12A310C7800D83E39 /* DetailInteractor.swift */; };
		41774EC42A310C8A00D83E39 /* DetailPresenter.swift in Sources */ = {isa = PBXBuildFile; fileRef = 41774EC32A310C8A00D83E39 /* DetailPresenter.swift */; };
		41774EC62A310C9B00D83E39 /* DetailRouter.swift in Sources */ = {isa = PBXBuildFile; fileRef = 41774EC52A310C9B00D83E39 /* DetailRouter.swift */; };
		41774EC82A31EDE400D83E39 /* SearchCollectionViewCellPresenter.swift in Sources */ = {isa = PBXBuildFile; fileRef = 41774EC72A31EDE400D83E39 /* SearchCollectionViewCellPresenter.swift */; };
		41774ED92A338CA500D83E39 /* CoreDataManager.swift in Sources */ = {isa = PBXBuildFile; fileRef = 41774ED82A338CA500D83E39 /* CoreDataManager.swift */; };
		41774EDF2A349BDC00D83E39 /* EmptyTableViewCell.swift in Sources */ = {isa = PBXBuildFile; fileRef = 41774EDE2A349BDC00D83E39 /* EmptyTableViewCell.swift */; };
		41774EE22A37BE4C00D83E39 /* MockHomeInteractor.swift in Sources */ = {isa = PBXBuildFile; fileRef = 41774EE12A37BE4C00D83E39 /* MockHomeInteractor.swift */; };
		41774EE42A37BE6B00D83E39 /* MockHomeViewController.swift in Sources */ = {isa = PBXBuildFile; fileRef = 41774EE32A37BE6B00D83E39 /* MockHomeViewController.swift */; };
		41774EE62A37BE8200D83E39 /* MockHomeRouter.swift in Sources */ = {isa = PBXBuildFile; fileRef = 41774EE52A37BE8200D83E39 /* MockHomeRouter.swift */; };
		41774EE82A37BEBE00D83E39 /* HomePresenterTests.swift in Sources */ = {isa = PBXBuildFile; fileRef = 41774EE72A37BEBE00D83E39 /* HomePresenterTests.swift */; };
		41774EEA2A37BEFC00D83E39 /* Audios.json in Resources */ = {isa = PBXBuildFile; fileRef = 41774EE92A37BEFC00D83E39 /* Audios.json */; };
/* End PBXBuildFile section */

/* Begin PBXContainerItemProxy section */
		41774E5A2A2E84F600D83E39 /* PBXContainerItemProxy */ = {
			isa = PBXContainerItemProxy;
			containerPortal = 41774E382A2E84F300D83E39 /* Project object */;
			proxyType = 1;
			remoteGlobalIDString = 41774E3F2A2E84F300D83E39;
			remoteInfo = MyTunes;
		};
		41774E642A2E84F600D83E39 /* PBXContainerItemProxy */ = {
			isa = PBXContainerItemProxy;
			containerPortal = 41774E382A2E84F300D83E39 /* Project object */;
			proxyType = 1;
			remoteGlobalIDString = 41774E3F2A2E84F300D83E39;
			remoteInfo = MyTunes;
		};
/* End PBXContainerItemProxy section */

/* Begin PBXFileReference section */
		41774E402A2E84F300D83E39 /* MyTunes.app */ = {isa = PBXFileReference; explicitFileType = wrapper.application; includeInIndex = 0; path = MyTunes.app; sourceTree = BUILT_PRODUCTS_DIR; };
		41774E432A2E84F300D83E39 /* AppDelegate.swift */ = {isa = PBXFileReference; lastKnownFileType = sourcecode.swift; path = AppDelegate.swift; sourceTree = "<group>"; };
		41774E452A2E84F300D83E39 /* SceneDelegate.swift */ = {isa = PBXFileReference; lastKnownFileType = sourcecode.swift; path = SceneDelegate.swift; sourceTree = "<group>"; };
		41774E472A2E84F300D83E39 /* ViewController.swift */ = {isa = PBXFileReference; lastKnownFileType = sourcecode.swift; path = ViewController.swift; sourceTree = "<group>"; };
		41774E4A2A2E84F300D83E39 /* Base */ = {isa = PBXFileReference; lastKnownFileType = file.storyboard; name = Base; path = Base.lproj/Main.storyboard; sourceTree = "<group>"; };
		41774E4D2A2E84F300D83E39 /* MyTunes.xcdatamodel */ = {isa = PBXFileReference; lastKnownFileType = wrapper.xcdatamodel; path = MyTunes.xcdatamodel; sourceTree = "<group>"; };
		41774E4F2A2E84F600D83E39 /* Assets.xcassets */ = {isa = PBXFileReference; lastKnownFileType = folder.assetcatalog; path = Assets.xcassets; sourceTree = "<group>"; };
		41774E522A2E84F600D83E39 /* Base */ = {isa = PBXFileReference; lastKnownFileType = file.storyboard; name = Base; path = Base.lproj/LaunchScreen.storyboard; sourceTree = "<group>"; };
		41774E542A2E84F600D83E39 /* Info.plist */ = {isa = PBXFileReference; lastKnownFileType = text.plist.xml; path = Info.plist; sourceTree = "<group>"; };
		41774E592A2E84F600D83E39 /* MyTunesTests.xctest */ = {isa = PBXFileReference; explicitFileType = wrapper.cfbundle; includeInIndex = 0; path = MyTunesTests.xctest; sourceTree = BUILT_PRODUCTS_DIR; };
		41774E5D2A2E84F600D83E39 /* MyTunesTests.swift */ = {isa = PBXFileReference; lastKnownFileType = sourcecode.swift; path = MyTunesTests.swift; sourceTree = "<group>"; };
		41774E632A2E84F600D83E39 /* MyTunesUITests.xctest */ = {isa = PBXFileReference; explicitFileType = wrapper.cfbundle; includeInIndex = 0; path = MyTunesUITests.xctest; sourceTree = BUILT_PRODUCTS_DIR; };
		41774E672A2E84F600D83E39 /* MyTunesUITests.swift */ = {isa = PBXFileReference; lastKnownFileType = sourcecode.swift; path = MyTunesUITests.swift; sourceTree = "<group>"; };
		41774E692A2E84F600D83E39 /* MyTunesUITestsLaunchTests.swift */ = {isa = PBXFileReference; lastKnownFileType = sourcecode.swift; path = MyTunesUITestsLaunchTests.swift; sourceTree = "<group>"; };
		41774E772A2E85CF00D83E39 /* MyTunesAPI */ = {isa = PBXFileReference; lastKnownFileType = wrapper; name = MyTunesAPI; path = ../MyTunesAPI; sourceTree = "<group>"; };
		41774E912A2F897C00D83E39 /* LoadingView.swift */ = {isa = PBXFileReference; lastKnownFileType = sourcecode.swift; path = LoadingView.swift; sourceTree = "<group>"; };
		41774E932A2F89CB00D83E39 /* LoadingShowable.swift */ = {isa = PBXFileReference; lastKnownFileType = sourcecode.swift; path = LoadingShowable.swift; sourceTree = "<group>"; };
		41774E952A2F8ABC00D83E39 /* BaseViewController.swift */ = {isa = PBXFileReference; lastKnownFileType = sourcecode.swift; path = BaseViewController.swift; sourceTree = "<group>"; };
		41774E972A2F8D2800D83E39 /* SplashViewController.swift */ = {isa = PBXFileReference; lastKnownFileType = sourcecode.swift; path = SplashViewController.swift; sourceTree = "<group>"; };
		41774E982A2F8D2800D83E39 /* SplashViewController.xib */ = {isa = PBXFileReference; lastKnownFileType = file.xib; path = SplashViewController.xib; sourceTree = "<group>"; };
		41774E9B2A2F8D6100D83E39 /* SplashPresenter.swift */ = {isa = PBXFileReference; lastKnownFileType = sourcecode.swift; path = SplashPresenter.swift; sourceTree = "<group>"; };
		41774E9D2A2F8DA300D83E39 /* SplashInteractor.swift */ = {isa = PBXFileReference; lastKnownFileType = sourcecode.swift; path = SplashInteractor.swift; sourceTree = "<group>"; };
		41774E9F2A2F8DC700D83E39 /* SplachRouter.swift */ = {isa = PBXFileReference; lastKnownFileType = sourcecode.swift; path = SplachRouter.swift; sourceTree = "<group>"; };
		41774EA12A2F900600D83E39 /* HomeViewController.swift */ = {isa = PBXFileReference; lastKnownFileType = sourcecode.swift; path = HomeViewController.swift; sourceTree = "<group>"; };
		41774EA22A2F900600D83E39 /* HomeViewController.xib */ = {isa = PBXFileReference; lastKnownFileType = file.xib; path = HomeViewController.xib; sourceTree = "<group>"; };
		41774EA52A2F902C00D83E39 /* HomeRouter.swift */ = {isa = PBXFileReference; lastKnownFileType = sourcecode.swift; path = HomeRouter.swift; sourceTree = "<group>"; };
		41774EA72A2F904500D83E39 /* HomePresenter.swift */ = {isa = PBXFileReference; lastKnownFileType = sourcecode.swift; path = HomePresenter.swift; sourceTree = "<group>"; };
		41774EA92A2F906800D83E39 /* HomeInteractor.swift */ = {isa = PBXFileReference; lastKnownFileType = sourcecode.swift; path = HomeInteractor.swift; sourceTree = "<group>"; };
		41774EAF2A2FBE7D00D83E39 /* HomeTableViewCell.swift */ = {isa = PBXFileReference; lastKnownFileType = sourcecode.swift; path = HomeTableViewCell.swift; sourceTree = "<group>"; };
		41774EB02A2FBE7D00D83E39 /* HomeTableViewCell.xib */ = {isa = PBXFileReference; lastKnownFileType = file.xib; path = HomeTableViewCell.xib; sourceTree = "<group>"; };
		41774EB32A2FCFE000D83E39 /* HomeCellPresenter.swift */ = {isa = PBXFileReference; lastKnownFileType = sourcecode.swift; path = HomeCellPresenter.swift; sourceTree = "<group>"; };
		41774EBB2A30B69E00D83E39 /* SearchCollectionViewCell.swift */ = {isa = PBXFileReference; lastKnownFileType = sourcecode.swift; path = SearchCollectionViewCell.swift; sourceTree = "<group>"; };
		41774EBD2A310C6000D83E39 /* DetailViewController.swift */ = {isa = PBXFileReference; lastKnownFileType = sourcecode.swift; path = DetailViewController.swift; sourceTree = "<group>"; };
		41774EBE2A310C6000D83E39 /* DetailViewController.xib */ = {isa = PBXFileReference; lastKnownFileType = file.xib; path = DetailViewController.xib; sourceTree = "<group>"; };
		41774EC12A310C7800D83E39 /* DetailInteractor.swift */ = {isa = PBXFileReference; lastKnownFileType = sourcecode.swift; path = DetailInteractor.swift; sourceTree = "<group>"; };
		41774EC32A310C8A00D83E39 /* DetailPresenter.swift */ = {isa = PBXFileReference; lastKnownFileType = sourcecode.swift; path = DetailPresenter.swift; sourceTree = "<group>"; };
		41774EC52A310C9B00D83E39 /* DetailRouter.swift */ = {isa = PBXFileReference; lastKnownFileType = sourcecode.swift; path = DetailRouter.swift; sourceTree = "<group>"; };
		41774EC72A31EDE400D83E39 /* SearchCollectionViewCellPresenter.swift */ = {isa = PBXFileReference; lastKnownFileType = sourcecode.swift; path = SearchCollectionViewCellPresenter.swift; sourceTree = "<group>"; };
		41774ED82A338CA500D83E39 /* CoreDataManager.swift */ = {isa = PBXFileReference; lastKnownFileType = sourcecode.swift; path = CoreDataManager.swift; sourceTree = "<group>"; };
		41774EDE2A349BDC00D83E39 /* EmptyTableViewCell.swift */ = {isa = PBXFileReference; lastKnownFileType = sourcecode.swift; path = EmptyTableViewCell.swift; sourceTree = "<group>"; };
		41774EE12A37BE4C00D83E39 /* MockHomeInteractor.swift */ = {isa = PBXFileReference; lastKnownFileType = sourcecode.swift; path = MockHomeInteractor.swift; sourceTree = "<group>"; };
		41774EE32A37BE6B00D83E39 /* MockHomeViewController.swift */ = {isa = PBXFileReference; lastKnownFileType = sourcecode.swift; path = MockHomeViewController.swift; sourceTree = "<group>"; };
		41774EE52A37BE8200D83E39 /* MockHomeRouter.swift */ = {isa = PBXFileReference; lastKnownFileType = sourcecode.swift; path = MockHomeRouter.swift; sourceTree = "<group>"; };
		41774EE72A37BEBE00D83E39 /* HomePresenterTests.swift */ = {isa = PBXFileReference; lastKnownFileType = sourcecode.swift; path = HomePresenterTests.swift; sourceTree = "<group>"; };
		41774EE92A37BEFC00D83E39 /* Audios.json */ = {isa = PBXFileReference; lastKnownFileType = text.json; path = Audios.json; sourceTree = "<group>"; };
/* End PBXFileReference section */

/* Begin PBXFrameworksBuildPhase section */
		41774E3D2A2E84F300D83E39 /* Frameworks */ = {
			isa = PBXFrameworksBuildPhase;
			buildActionMask = 2147483647;
			files = (
				41774E7A2A2E951300D83E39 /* MyTunesAPI in Frameworks */,
			);
			runOnlyForDeploymentPostprocessing = 0;
		};
		41774E562A2E84F600D83E39 /* Frameworks */ = {
			isa = PBXFrameworksBuildPhase;
			buildActionMask = 2147483647;
			files = (
			);
			runOnlyForDeploymentPostprocessing = 0;
		};
		41774E602A2E84F600D83E39 /* Frameworks */ = {
			isa = PBXFrameworksBuildPhase;
			buildActionMask = 2147483647;
			files = (
			);
			runOnlyForDeploymentPostprocessing = 0;
		};
/* End PBXFrameworksBuildPhase section */

/* Begin PBXGroup section */
		41774E372A2E84F300D83E39 = {
			isa = PBXGroup;
			children = (
				41774E772A2E85CF00D83E39 /* MyTunesAPI */,
				41774E422A2E84F300D83E39 /* MyTunes */,
				41774E5C2A2E84F600D83E39 /* MyTunesTests */,
				41774E662A2E84F600D83E39 /* MyTunesUITests */,
				41774E412A2E84F300D83E39 /* Products */,
				41774E782A2E951300D83E39 /* Frameworks */,
			);
			sourceTree = "<group>";
		};
		41774E412A2E84F300D83E39 /* Products */ = {
			isa = PBXGroup;
			children = (
				41774E402A2E84F300D83E39 /* MyTunes.app */,
				41774E592A2E84F600D83E39 /* MyTunesTests.xctest */,
				41774E632A2E84F600D83E39 /* MyTunesUITests.xctest */,
			);
			name = Products;
			sourceTree = "<group>";
		};
		41774E422A2E84F300D83E39 /* MyTunes */ = {
			isa = PBXGroup;
			children = (
				41774E882A2F87D500D83E39 /* App */,
				41774E892A2F880200D83E39 /* CustomView */,
				41774E8C2A2F885300D83E39 /* Module */,
				41774E8B2A2F883B00D83E39 /* Utils */,
				41774E472A2E84F300D83E39 /* ViewController.swift */,
				41774E492A2E84F300D83E39 /* Main.storyboard */,
				41774E512A2E84F600D83E39 /* LaunchScreen.storyboard */,
				41774E542A2E84F600D83E39 /* Info.plist */,
			);
			path = MyTunes;
			sourceTree = "<group>";
		};
		41774E5C2A2E84F600D83E39 /* MyTunesTests */ = {
			isa = PBXGroup;
			children = (
				41774EE02A37B50800D83E39 /* Mock */,
				41774E5D2A2E84F600D83E39 /* MyTunesTests.swift */,
			);
			path = MyTunesTests;
			sourceTree = "<group>";
		};
		41774E662A2E84F600D83E39 /* MyTunesUITests */ = {
			isa = PBXGroup;
			children = (
				41774E672A2E84F600D83E39 /* MyTunesUITests.swift */,
				41774E692A2E84F600D83E39 /* MyTunesUITestsLaunchTests.swift */,
			);
			path = MyTunesUITests;
			sourceTree = "<group>";
		};
		41774E782A2E951300D83E39 /* Frameworks */ = {
			isa = PBXGroup;
			children = (
			);
			name = Frameworks;
			sourceTree = "<group>";
		};
		41774E882A2F87D500D83E39 /* App */ = {
			isa = PBXGroup;
			children = (
				41774E432A2E84F300D83E39 /* AppDelegate.swift */,
				41774E452A2E84F300D83E39 /* SceneDelegate.swift */,
				41774E4C2A2E84F300D83E39 /* MyTunes.xcdatamodeld */,
				41774E4F2A2E84F600D83E39 /* Assets.xcassets */,
			);
			path = App;
			sourceTree = "<group>";
		};
		41774E892A2F880200D83E39 /* CustomView */ = {
			isa = PBXGroup;
			children = (
				41774E912A2F897C00D83E39 /* LoadingView.swift */,
			);
			path = CustomView;
			sourceTree = "<group>";
		};
		41774E8B2A2F883B00D83E39 /* Utils */ = {
			isa = PBXGroup;
			children = (
				41774E932A2F89CB00D83E39 /* LoadingShowable.swift */,
			);
			path = Utils;
			sourceTree = "<group>";
		};
		41774E8C2A2F885300D83E39 /* Module */ = {
			isa = PBXGroup;
			children = (
				41774E8D2A2F893500D83E39 /* Base */,
				41774E8E2A2F893C00D83E39 /* Detail */,
				41774E8F2A2F894500D83E39 /* Home */,
				41774E902A2F894F00D83E39 /* Splash */,
			);
			path = Module;
			sourceTree = "<group>";
		};
		41774E8D2A2F893500D83E39 /* Base */ = {
			isa = PBXGroup;
			children = (
				41774E952A2F8ABC00D83E39 /* BaseViewController.swift */,
			);
			path = Base;
			sourceTree = "<group>";
		};
		41774E8E2A2F893C00D83E39 /* Detail */ = {
			isa = PBXGroup;
			children = (
				41774ED72A338C7700D83E39 /* CoreData */,
				41774EBD2A310C6000D83E39 /* DetailViewController.swift */,
				41774EBE2A310C6000D83E39 /* DetailViewController.xib */,
				41774EC12A310C7800D83E39 /* DetailInteractor.swift */,
				41774EC32A310C8A00D83E39 /* DetailPresenter.swift */,
				41774EC52A310C9B00D83E39 /* DetailRouter.swift */,
			);
			path = Detail;
			sourceTree = "<group>";
		};
		41774E8F2A2F894500D83E39 /* Home */ = {
			isa = PBXGroup;
			children = (
				41774EAE2A2FBE5A00D83E39 /* View */,
				41774EA12A2F900600D83E39 /* HomeViewController.swift */,
				41774EA22A2F900600D83E39 /* HomeViewController.xib */,
				41774EA92A2F906800D83E39 /* HomeInteractor.swift */,
				41774EA72A2F904500D83E39 /* HomePresenter.swift */,
				41774EA52A2F902C00D83E39 /* HomeRouter.swift */,
			);
			path = Home;
			sourceTree = "<group>";
		};
		41774E902A2F894F00D83E39 /* Splash */ = {
			isa = PBXGroup;
			children = (
				41774E972A2F8D2800D83E39 /* SplashViewController.swift */,
				41774E982A2F8D2800D83E39 /* SplashViewController.xib */,
				41774E9B2A2F8D6100D83E39 /* SplashPresenter.swift */,
				41774E9D2A2F8DA300D83E39 /* SplashInteractor.swift */,
				41774E9F2A2F8DC700D83E39 /* SplachRouter.swift */,
			);
			path = Splash;
			sourceTree = "<group>";
		};
		41774EAE2A2FBE5A00D83E39 /* View */ = {
			isa = PBXGroup;
			children = (
				41774EAF2A2FBE7D00D83E39 /* HomeTableViewCell.swift */,
				41774EB02A2FBE7D00D83E39 /* HomeTableViewCell.xib */,
				41774EB32A2FCFE000D83E39 /* HomeCellPresenter.swift */,
				41774EBB2A30B69E00D83E39 /* SearchCollectionViewCell.swift */,
				41774EC72A31EDE400D83E39 /* SearchCollectionViewCellPresenter.swift */,
				41774EDE2A349BDC00D83E39 /* EmptyTableViewCell.swift */,
			);
			path = View;
			sourceTree = "<group>";
		};
		41774ED72A338C7700D83E39 /* CoreData */ = {
			isa = PBXGroup;
			children = (
				41774ED82A338CA500D83E39 /* CoreDataManager.swift */,
			);
			path = CoreData;
			sourceTree = "<group>";
		};
		41774EE02A37B50800D83E39 /* Mock */ = {
			isa = PBXGroup;
			children = (
				41774EE92A37BEFC00D83E39 /* Audios.json */,
				41774EE12A37BE4C00D83E39 /* MockHomeInteractor.swift */,
				41774EE32A37BE6B00D83E39 /* MockHomeViewController.swift */,
				41774EE52A37BE8200D83E39 /* MockHomeRouter.swift */,
				41774EE72A37BEBE00D83E39 /* HomePresenterTests.swift */,
			);
			path = Mock;
			sourceTree = "<group>";
		};
/* End PBXGroup section */

/* Begin PBXNativeTarget section */
		41774E3F2A2E84F300D83E39 /* MyTunes */ = {
			isa = PBXNativeTarget;
			buildConfigurationList = 41774E6D2A2E84F600D83E39 /* Build configuration list for PBXNativeTarget "MyTunes" */;
			buildPhases = (
				41774E3C2A2E84F300D83E39 /* Sources */,
				41774E3D2A2E84F300D83E39 /* Frameworks */,
				41774E3E2A2E84F300D83E39 /* Resources */,
			);
			buildRules = (
			);
			dependencies = (
			);
			name = MyTunes;
			packageProductDependencies = (
				41774E792A2E951300D83E39 /* MyTunesAPI */,
			);
			productName = MyTunes;
			productReference = 41774E402A2E84F300D83E39 /* MyTunes.app */;
			productType = "com.apple.product-type.application";
		};
		41774E582A2E84F600D83E39 /* MyTunesTests */ = {
			isa = PBXNativeTarget;
			buildConfigurationList = 41774E702A2E84F600D83E39 /* Build configuration list for PBXNativeTarget "MyTunesTests" */;
			buildPhases = (
				41774E552A2E84F600D83E39 /* Sources */,
				41774E562A2E84F600D83E39 /* Frameworks */,
				41774E572A2E84F600D83E39 /* Resources */,
			);
			buildRules = (
			);
			dependencies = (
				41774E5B2A2E84F600D83E39 /* PBXTargetDependency */,
			);
			name = MyTunesTests;
			productName = MyTunesTests;
			productReference = 41774E592A2E84F600D83E39 /* MyTunesTests.xctest */;
			productType = "com.apple.product-type.bundle.unit-test";
		};
		41774E622A2E84F600D83E39 /* MyTunesUITests */ = {
			isa = PBXNativeTarget;
			buildConfigurationList = 41774E732A2E84F600D83E39 /* Build configuration list for PBXNativeTarget "MyTunesUITests" */;
			buildPhases = (
				41774E5F2A2E84F600D83E39 /* Sources */,
				41774E602A2E84F600D83E39 /* Frameworks */,
				41774E612A2E84F600D83E39 /* Resources */,
			);
			buildRules = (
			);
			dependencies = (
				41774E652A2E84F600D83E39 /* PBXTargetDependency */,
			);
			name = MyTunesUITests;
			productName = MyTunesUITests;
			productReference = 41774E632A2E84F600D83E39 /* MyTunesUITests.xctest */;
			productType = "com.apple.product-type.bundle.ui-testing";
		};
/* End PBXNativeTarget section */

/* Begin PBXProject section */
		41774E382A2E84F300D83E39 /* Project object */ = {
			isa = PBXProject;
			attributes = {
				BuildIndependentTargetsInParallel = 1;
				LastSwiftUpdateCheck = 1420;
				LastUpgradeCheck = 1420;
				TargetAttributes = {
					41774E3F2A2E84F300D83E39 = {
						CreatedOnToolsVersion = 14.2;
					};
					41774E582A2E84F600D83E39 = {
						CreatedOnToolsVersion = 14.2;
						TestTargetID = 41774E3F2A2E84F300D83E39;
					};
					41774E622A2E84F600D83E39 = {
						CreatedOnToolsVersion = 14.2;
						TestTargetID = 41774E3F2A2E84F300D83E39;
					};
				};
			};
			buildConfigurationList = 41774E3B2A2E84F300D83E39 /* Build configuration list for PBXProject "MyTunes" */;
			compatibilityVersion = "Xcode 14.0";
			developmentRegion = en;
			hasScannedForEncodings = 0;
			knownRegions = (
				en,
				Base,
			);
			mainGroup = 41774E372A2E84F300D83E39;
			packageReferences = (
			);
			productRefGroup = 41774E412A2E84F300D83E39 /* Products */;
			projectDirPath = "";
			projectRoot = "";
			targets = (
				41774E3F2A2E84F300D83E39 /* MyTunes */,
				41774E582A2E84F600D83E39 /* MyTunesTests */,
				41774E622A2E84F600D83E39 /* MyTunesUITests */,
			);
		};
/* End PBXProject section */

/* Begin PBXResourcesBuildPhase section */
		41774E3E2A2E84F300D83E39 /* Resources */ = {
			isa = PBXResourcesBuildPhase;
			buildActionMask = 2147483647;
			files = (
				41774E532A2E84F600D83E39 /* LaunchScreen.storyboard in Resources */,
				41774E502A2E84F600D83E39 /* Assets.xcassets in Resources */,
				41774EC02A310C6000D83E39 /* DetailViewController.xib in Resources */,
				41774EA42A2F900600D83E39 /* HomeViewController.xib in Resources */,
				41774E4B2A2E84F300D83E39 /* Main.storyboard in Resources */,
				41774EB22A2FBE7D00D83E39 /* HomeTableViewCell.xib in Resources */,
				41774E9A2A2F8D2800D83E39 /* SplashViewController.xib in Resources */,
			);
			runOnlyForDeploymentPostprocessing = 0;
		};
		41774E572A2E84F600D83E39 /* Resources */ = {
			isa = PBXResourcesBuildPhase;
			buildActionMask = 2147483647;
			files = (
				41774EEA2A37BEFC00D83E39 /* Audios.json in Resources */,
			);
			runOnlyForDeploymentPostprocessing = 0;
		};
		41774E612A2E84F600D83E39 /* Resources */ = {
			isa = PBXResourcesBuildPhase;
			buildActionMask = 2147483647;
			files = (
			);
			runOnlyForDeploymentPostprocessing = 0;
		};
/* End PBXResourcesBuildPhase section */

/* Begin PBXSourcesBuildPhase section */
		41774E3C2A2E84F300D83E39 /* Sources */ = {
			isa = PBXSourcesBuildPhase;
			buildActionMask = 2147483647;
			files = (
				41774E482A2E84F300D83E39 /* ViewController.swift in Sources */,
				41774EA02A2F8DC700D83E39 /* SplachRouter.swift in Sources */,
				41774E4E2A2E84F300D83E39 /* MyTunes.xcdatamodeld in Sources */,
				41774EAA2A2F906800D83E39 /* HomeInteractor.swift in Sources */,
				41774E442A2E84F300D83E39 /* AppDelegate.swift in Sources */,
				41774E942A2F89CB00D83E39 /* LoadingShowable.swift in Sources */,
				41774E922A2F897C00D83E39 /* LoadingView.swift in Sources */,
				41774EBF2A310C6000D83E39 /* DetailViewController.swift in Sources */,
				41774EA62A2F902C00D83E39 /* HomeRouter.swift in Sources */,
				41774EB42A2FCFE000D83E39 /* HomeCellPresenter.swift in Sources */,
				41774EA82A2F904500D83E39 /* HomePresenter.swift in Sources */,
				41774E962A2F8ABC00D83E39 /* BaseViewController.swift in Sources */,
				41774EC62A310C9B00D83E39 /* DetailRouter.swift in Sources */,
				41774ED92A338CA500D83E39 /* CoreDataManager.swift in Sources */,
				41774E462A2E84F300D83E39 /* SceneDelegate.swift in Sources */,
				41774EC82A31EDE400D83E39 /* SearchCollectionViewCellPresenter.swift in Sources */,
				41774E9E2A2F8DA300D83E39 /* SplashInteractor.swift in Sources */,
				41774EC42A310C8A00D83E39 /* DetailPresenter.swift in Sources */,
				41774E992A2F8D2800D83E39 /* SplashViewController.swift in Sources */,
				41774E9C2A2F8D6100D83E39 /* SplashPresenter.swift in Sources */,
				41774EB12A2FBE7D00D83E39 /* HomeTableViewCell.swift in Sources */,
				41774EC22A310C7900D83E39 /* DetailInteractor.swift in Sources */,
				41774EBC2A30B69E00D83E39 /* SearchCollectionViewCell.swift in Sources */,
				41774EDF2A349BDC00D83E39 /* EmptyTableViewCell.swift in Sources */,
				41774EA32A2F900600D83E39 /* HomeViewController.swift in Sources */,
			);
			runOnlyForDeploymentPostprocessing = 0;
		};
		41774E552A2E84F600D83E39 /* Sources */ = {
			isa = PBXSourcesBuildPhase;
			buildActionMask = 2147483647;
			files = (
				41774EE42A37BE6B00D83E39 /* MockHomeViewController.swift in Sources */,
				41774E5E2A2E84F600D83E39 /* MyTunesTests.swift in Sources */,
				41774EE22A37BE4C00D83E39 /* MockHomeInteractor.swift in Sources */,
				41774EE82A37BEBE00D83E39 /* HomePresenterTests.swift in Sources */,
				41774EE62A37BE8200D83E39 /* MockHomeRouter.swift in Sources */,
			);
			runOnlyForDeploymentPostprocessing = 0;
		};
		41774E5F2A2E84F600D83E39 /* Sources */ = {
			isa = PBXSourcesBuildPhase;
			buildActionMask = 2147483647;
			files = (
				41774E6A2A2E84F600D83E39 /* MyTunesUITestsLaunchTests.swift in Sources */,
				41774E682A2E84F600D83E39 /* MyTunesUITests.swift in Sources */,
			);
			runOnlyForDeploymentPostprocessing = 0;
		};
/* End PBXSourcesBuildPhase section */

/* Begin PBXTargetDependency section */
		41774E5B2A2E84F600D83E39 /* PBXTargetDependency */ = {
			isa = PBXTargetDependency;
			target = 41774E3F2A2E84F300D83E39 /* MyTunes */;
			targetProxy = 41774E5A2A2E84F600D83E39 /* PBXContainerItemProxy */;
		};
		41774E652A2E84F600D83E39 /* PBXTargetDependency */ = {
			isa = PBXTargetDependency;
			target = 41774E3F2A2E84F300D83E39 /* MyTunes */;
			targetProxy = 41774E642A2E84F600D83E39 /* PBXContainerItemProxy */;
		};
/* End PBXTargetDependency section */

/* Begin PBXVariantGroup section */
		41774E492A2E84F300D83E39 /* Main.storyboard */ = {
			isa = PBXVariantGroup;
			children = (
				41774E4A2A2E84F300D83E39 /* Base */,
			);
			name = Main.storyboard;
			sourceTree = "<group>";
		};
		41774E512A2E84F600D83E39 /* LaunchScreen.storyboard */ = {
			isa = PBXVariantGroup;
			children = (
				41774E522A2E84F600D83E39 /* Base */,
			);
			name = LaunchScreen.storyboard;
			sourceTree = "<group>";
		};
/* End PBXVariantGroup section */

/* Begin XCBuildConfiguration section */
		41774E6B2A2E84F600D83E39 /* Debug */ = {
			isa = XCBuildConfiguration;
			buildSettings = {
				ALWAYS_SEARCH_USER_PATHS = NO;
				CLANG_ANALYZER_NONNULL = YES;
				CLANG_ANALYZER_NUMBER_OBJECT_CONVERSION = YES_AGGRESSIVE;
				CLANG_CXX_LANGUAGE_STANDARD = "gnu++20";
				CLANG_ENABLE_MODULES = YES;
				CLANG_ENABLE_OBJC_ARC = YES;
				CLANG_ENABLE_OBJC_WEAK = YES;
				CLANG_WARN_BLOCK_CAPTURE_AUTORELEASING = YES;
				CLANG_WARN_BOOL_CONVERSION = YES;
				CLANG_WARN_COMMA = YES;
				CLANG_WARN_CONSTANT_CONVERSION = YES;
				CLANG_WARN_DEPRECATED_OBJC_IMPLEMENTATIONS = YES;
				CLANG_WARN_DIRECT_OBJC_ISA_USAGE = YES_ERROR;
				CLANG_WARN_DOCUMENTATION_COMMENTS = YES;
				CLANG_WARN_EMPTY_BODY = YES;
				CLANG_WARN_ENUM_CONVERSION = YES;
				CLANG_WARN_INFINITE_RECURSION = YES;
				CLANG_WARN_INT_CONVERSION = YES;
				CLANG_WARN_NON_LITERAL_NULL_CONVERSION = YES;
				CLANG_WARN_OBJC_IMPLICIT_RETAIN_SELF = YES;
				CLANG_WARN_OBJC_LITERAL_CONVERSION = YES;
				CLANG_WARN_OBJC_ROOT_CLASS = YES_ERROR;
				CLANG_WARN_QUOTED_INCLUDE_IN_FRAMEWORK_HEADER = YES;
				CLANG_WARN_RANGE_LOOP_ANALYSIS = YES;
				CLANG_WARN_STRICT_PROTOTYPES = YES;
				CLANG_WARN_SUSPICIOUS_MOVE = YES;
				CLANG_WARN_UNGUARDED_AVAILABILITY = YES_AGGRESSIVE;
				CLANG_WARN_UNREACHABLE_CODE = YES;
				CLANG_WARN__DUPLICATE_METHOD_MATCH = YES;
				COPY_PHASE_STRIP = NO;
				DEBUG_INFORMATION_FORMAT = dwarf;
				ENABLE_STRICT_OBJC_MSGSEND = YES;
				ENABLE_TESTABILITY = YES;
				GCC_C_LANGUAGE_STANDARD = gnu11;
				GCC_DYNAMIC_NO_PIC = NO;
				GCC_NO_COMMON_BLOCKS = YES;
				GCC_OPTIMIZATION_LEVEL = 0;
				GCC_PREPROCESSOR_DEFINITIONS = (
					"DEBUG=1",
					"$(inherited)",
				);
				GCC_WARN_64_TO_32_BIT_CONVERSION = YES;
				GCC_WARN_ABOUT_RETURN_TYPE = YES_ERROR;
				GCC_WARN_UNDECLARED_SELECTOR = YES;
				GCC_WARN_UNINITIALIZED_AUTOS = YES_AGGRESSIVE;
				GCC_WARN_UNUSED_FUNCTION = YES;
				GCC_WARN_UNUSED_VARIABLE = YES;
				IPHONEOS_DEPLOYMENT_TARGET = 13.0;
				MTL_ENABLE_DEBUG_INFO = INCLUDE_SOURCE;
				MTL_FAST_MATH = YES;
				ONLY_ACTIVE_ARCH = YES;
				SDKROOT = iphoneos;
				SWIFT_ACTIVE_COMPILATION_CONDITIONS = DEBUG;
				SWIFT_OPTIMIZATION_LEVEL = "-Onone";
			};
			name = Debug;
		};
		41774E6C2A2E84F600D83E39 /* Release */ = {
			isa = XCBuildConfiguration;
			buildSettings = {
				ALWAYS_SEARCH_USER_PATHS = NO;
				CLANG_ANALYZER_NONNULL = YES;
				CLANG_ANALYZER_NUMBER_OBJECT_CONVERSION = YES_AGGRESSIVE;
				CLANG_CXX_LANGUAGE_STANDARD = "gnu++20";
				CLANG_ENABLE_MODULES = YES;
				CLANG_ENABLE_OBJC_ARC = YES;
				CLANG_ENABLE_OBJC_WEAK = YES;
				CLANG_WARN_BLOCK_CAPTURE_AUTORELEASING = YES;
				CLANG_WARN_BOOL_CONVERSION = YES;
				CLANG_WARN_COMMA = YES;
				CLANG_WARN_CONSTANT_CONVERSION = YES;
				CLANG_WARN_DEPRECATED_OBJC_IMPLEMENTATIONS = YES;
				CLANG_WARN_DIRECT_OBJC_ISA_USAGE = YES_ERROR;
				CLANG_WARN_DOCUMENTATION_COMMENTS = YES;
				CLANG_WARN_EMPTY_BODY = YES;
				CLANG_WARN_ENUM_CONVERSION = YES;
				CLANG_WARN_INFINITE_RECURSION = YES;
				CLANG_WARN_INT_CONVERSION = YES;
				CLANG_WARN_NON_LITERAL_NULL_CONVERSION = YES;
				CLANG_WARN_OBJC_IMPLICIT_RETAIN_SELF = YES;
				CLANG_WARN_OBJC_LITERAL_CONVERSION = YES;
				CLANG_WARN_OBJC_ROOT_CLASS = YES_ERROR;
				CLANG_WARN_QUOTED_INCLUDE_IN_FRAMEWORK_HEADER = YES;
				CLANG_WARN_RANGE_LOOP_ANALYSIS = YES;
				CLANG_WARN_STRICT_PROTOTYPES = YES;
				CLANG_WARN_SUSPICIOUS_MOVE = YES;
				CLANG_WARN_UNGUARDED_AVAILABILITY = YES_AGGRESSIVE;
				CLANG_WARN_UNREACHABLE_CODE = YES;
				CLANG_WARN__DUPLICATE_METHOD_MATCH = YES;
				COPY_PHASE_STRIP = NO;
				DEBUG_INFORMATION_FORMAT = "dwarf-with-dsym";
				ENABLE_NS_ASSERTIONS = NO;
				ENABLE_STRICT_OBJC_MSGSEND = YES;
				GCC_C_LANGUAGE_STANDARD = gnu11;
				GCC_NO_COMMON_BLOCKS = YES;
				GCC_WARN_64_TO_32_BIT_CONVERSION = YES;
				GCC_WARN_ABOUT_RETURN_TYPE = YES_ERROR;
				GCC_WARN_UNDECLARED_SELECTOR = YES;
				GCC_WARN_UNINITIALIZED_AUTOS = YES_AGGRESSIVE;
				GCC_WARN_UNUSED_FUNCTION = YES;
				GCC_WARN_UNUSED_VARIABLE = YES;
				IPHONEOS_DEPLOYMENT_TARGET = 13.0;
				MTL_ENABLE_DEBUG_INFO = NO;
				MTL_FAST_MATH = YES;
				SDKROOT = iphoneos;
				SWIFT_COMPILATION_MODE = wholemodule;
				SWIFT_OPTIMIZATION_LEVEL = "-O";
				VALIDATE_PRODUCT = YES;
			};
			name = Release;
		};
		41774E6E2A2E84F600D83E39 /* Debug */ = {
			isa = XCBuildConfiguration;
			buildSettings = {
				ASSETCATALOG_COMPILER_APPICON_NAME = AppIcon;
				ASSETCATALOG_COMPILER_GLOBAL_ACCENT_COLOR_NAME = AccentColor;
				CODE_SIGN_STYLE = Automatic;
				CURRENT_PROJECT_VERSION = 1;
				GENERATE_INFOPLIST_FILE = YES;
				INFOPLIST_FILE = MyTunes/Info.plist;
				INFOPLIST_KEY_UIApplicationSupportsIndirectInputEvents = YES;
				INFOPLIST_KEY_UILaunchStoryboardName = LaunchScreen;
				INFOPLIST_KEY_UIMainStoryboardFile = Main;
				INFOPLIST_KEY_UISupportedInterfaceOrientations_iPad = "UIInterfaceOrientationPortrait UIInterfaceOrientationPortraitUpsideDown UIInterfaceOrientationLandscapeLeft UIInterfaceOrientationLandscapeRight";
				INFOPLIST_KEY_UISupportedInterfaceOrientations_iPhone = "UIInterfaceOrientationPortrait UIInterfaceOrientationLandscapeLeft UIInterfaceOrientationLandscapeRight";
				IPHONEOS_DEPLOYMENT_TARGET = 13.0;
				LD_RUNPATH_SEARCH_PATHS = (
					"$(inherited)",
					"@executable_path/Frameworks",
				);
				MARKETING_VERSION = 1.0;
				PRODUCT_BUNDLE_IDENTIFIER = com.akbas.MyTunes;
				PRODUCT_NAME = "$(TARGET_NAME)";
				SWIFT_EMIT_LOC_STRINGS = YES;
				SWIFT_VERSION = 5.0;
				TARGETED_DEVICE_FAMILY = "1,2";
			};
			name = Debug;
		};
		41774E6F2A2E84F600D83E39 /* Release */ = {
			isa = XCBuildConfiguration;
			buildSettings = {
				ASSETCATALOG_COMPILER_APPICON_NAME = AppIcon;
				ASSETCATALOG_COMPILER_GLOBAL_ACCENT_COLOR_NAME = AccentColor;
				CODE_SIGN_STYLE = Automatic;
				CURRENT_PROJECT_VERSION = 1;
				GENERATE_INFOPLIST_FILE = YES;
				INFOPLIST_FILE = MyTunes/Info.plist;
				INFOPLIST_KEY_UIApplicationSupportsIndirectInputEvents = YES;
				INFOPLIST_KEY_UILaunchStoryboardName = LaunchScreen;
				INFOPLIST_KEY_UIMainStoryboardFile = Main;
				INFOPLIST_KEY_UISupportedInterfaceOrientations_iPad = "UIInterfaceOrientationPortrait UIInterfaceOrientationPortraitUpsideDown UIInterfaceOrientationLandscapeLeft UIInterfaceOrientationLandscapeRight";
				INFOPLIST_KEY_UISupportedInterfaceOrientations_iPhone = "UIInterfaceOrientationPortrait UIInterfaceOrientationLandscapeLeft UIInterfaceOrientationLandscapeRight";
				IPHONEOS_DEPLOYMENT_TARGET = 13.0;
				LD_RUNPATH_SEARCH_PATHS = (
					"$(inherited)",
					"@executable_path/Frameworks",
				);
				MARKETING_VERSION = 1.0;
				PRODUCT_BUNDLE_IDENTIFIER = com.akbas.MyTunes;
				PRODUCT_NAME = "$(TARGET_NAME)";
				SWIFT_EMIT_LOC_STRINGS = YES;
				SWIFT_VERSION = 5.0;
				TARGETED_DEVICE_FAMILY = "1,2";
			};
			name = Release;
		};
		41774E712A2E84F600D83E39 /* Debug */ = {
			isa = XCBuildConfiguration;
			buildSettings = {
				ALWAYS_EMBED_SWIFT_STANDARD_LIBRARIES = YES;
				BUNDLE_LOADER = "$(TEST_HOST)";
				CODE_SIGN_STYLE = Automatic;
				CURRENT_PROJECT_VERSION = 1;
				GENERATE_INFOPLIST_FILE = YES;
				IPHONEOS_DEPLOYMENT_TARGET = 16.2;
				MARKETING_VERSION = 1.0;
				PRODUCT_BUNDLE_IDENTIFIER = com.akbas.MyTunesTests;
				PRODUCT_NAME = "$(TARGET_NAME)";
				SWIFT_EMIT_LOC_STRINGS = NO;
				SWIFT_VERSION = 5.0;
				TARGETED_DEVICE_FAMILY = "1,2";
				TEST_HOST = "$(BUILT_PRODUCTS_DIR)/MyTunes.app/$(BUNDLE_EXECUTABLE_FOLDER_PATH)/MyTunes";
			};
			name = Debug;
		};
		41774E722A2E84F600D83E39 /* Release */ = {
			isa = XCBuildConfiguration;
			buildSettings = {
				ALWAYS_EMBED_SWIFT_STANDARD_LIBRARIES = YES;
				BUNDLE_LOADER = "$(TEST_HOST)";
				CODE_SIGN_STYLE = Automatic;
				CURRENT_PROJECT_VERSION = 1;
				GENERATE_INFOPLIST_FILE = YES;
				IPHONEOS_DEPLOYMENT_TARGET = 16.2;
				MARKETING_VERSION = 1.0;
				PRODUCT_BUNDLE_IDENTIFIER = com.akbas.MyTunesTests;
				PRODUCT_NAME = "$(TARGET_NAME)";
				SWIFT_EMIT_LOC_STRINGS = NO;
				SWIFT_VERSION = 5.0;
				TARGETED_DEVICE_FAMILY = "1,2";
				TEST_HOST = "$(BUILT_PRODUCTS_DIR)/MyTunes.app/$(BUNDLE_EXECUTABLE_FOLDER_PATH)/MyTunes";
			};
			name = Release;
		};
		41774E742A2E84F600D83E39 /* Debug */ = {
			isa = XCBuildConfiguration;
			buildSettings = {
				ALWAYS_EMBED_SWIFT_STANDARD_LIBRARIES = YES;
				CODE_SIGN_STYLE = Automatic;
				CURRENT_PROJECT_VERSION = 1;
				GENERATE_INFOPLIST_FILE = YES;
				MARKETING_VERSION = 1.0;
				PRODUCT_BUNDLE_IDENTIFIER = com.akbas.MyTunesUITests;
				PRODUCT_NAME = "$(TARGET_NAME)";
				SWIFT_EMIT_LOC_STRINGS = NO;
				SWIFT_VERSION = 5.0;
				TARGETED_DEVICE_FAMILY = "1,2";
				TEST_TARGET_NAME = MyTunes;
			};
			name = Debug;
		};
		41774E752A2E84F600D83E39 /* Release */ = {
			isa = XCBuildConfiguration;
			buildSettings = {
				ALWAYS_EMBED_SWIFT_STANDARD_LIBRARIES = YES;
				CODE_SIGN_STYLE = Automatic;
				CURRENT_PROJECT_VERSION = 1;
				GENERATE_INFOPLIST_FILE = YES;
				MARKETING_VERSION = 1.0;
				PRODUCT_BUNDLE_IDENTIFIER = com.akbas.MyTunesUITests;
				PRODUCT_NAME = "$(TARGET_NAME)";
				SWIFT_EMIT_LOC_STRINGS = NO;
				SWIFT_VERSION = 5.0;
				TARGETED_DEVICE_FAMILY = "1,2";
				TEST_TARGET_NAME = MyTunes;
			};
			name = Release;
		};
/* End XCBuildConfiguration section */

/* Begin XCConfigurationList section */
		41774E3B2A2E84F300D83E39 /* Build configuration list for PBXProject "MyTunes" */ = {
			isa = XCConfigurationList;
			buildConfigurations = (
				41774E6B2A2E84F600D83E39 /* Debug */,
				41774E6C2A2E84F600D83E39 /* Release */,
			);
			defaultConfigurationIsVisible = 0;
			defaultConfigurationName = Release;
		};
		41774E6D2A2E84F600D83E39 /* Build configuration list for PBXNativeTarget "MyTunes" */ = {
			isa = XCConfigurationList;
			buildConfigurations = (
				41774E6E2A2E84F600D83E39 /* Debug */,
				41774E6F2A2E84F600D83E39 /* Release */,
			);
			defaultConfigurationIsVisible = 0;
			defaultConfigurationName = Release;
		};
		41774E702A2E84F600D83E39 /* Build configuration list for PBXNativeTarget "MyTunesTests" */ = {
			isa = XCConfigurationList;
			buildConfigurations = (
				41774E712A2E84F600D83E39 /* Debug */,
				41774E722A2E84F600D83E39 /* Release */,
			);
			defaultConfigurationIsVisible = 0;
			defaultConfigurationName = Release;
		};
		41774E732A2E84F600D83E39 /* Build configuration list for PBXNativeTarget "MyTunesUITests" */ = {
			isa = XCConfigurationList;
			buildConfigurations = (
				41774E742A2E84F600D83E39 /* Debug */,
				41774E752A2E84F600D83E39 /* Release */,
			);
			defaultConfigurationIsVisible = 0;
			defaultConfigurationName = Release;
		};
/* End XCConfigurationList section */

/* Begin XCSwiftPackageProductDependency section */
		41774E792A2E951300D83E39 /* MyTunesAPI */ = {
			isa = XCSwiftPackageProductDependency;
			productName = MyTunesAPI;
		};
/* End XCSwiftPackageProductDependency section */

/* Begin XCVersionGroup section */
		41774E4C2A2E84F300D83E39 /* MyTunes.xcdatamodeld */ = {
			isa = XCVersionGroup;
			children = (
				41774E4D2A2E84F300D83E39 /* MyTunes.xcdatamodel */,
			);
			currentVersion = 41774E4D2A2E84F300D83E39 /* MyTunes.xcdatamodel */;
			path = MyTunes.xcdatamodeld;
			sourceTree = "<group>";
			versionGroupType = wrapper.xcdatamodel;
		};
/* End XCVersionGroup section */
	};
	rootObject = 41774E382A2E84F300D83E39 /* Project object */;
}
